// !$*UTF8*$!
{
	archiveVersion = 1;
	classes = {
	};
	objectVersion = 55;
	objects = {

/* Begin PBXBuildFile section */
		36610F2347624DBA2CA35835 /* Pods_tuwaiq_1000.framework in Frameworks */ = {isa = PBXBuildFile; fileRef = 6EACC00631425B1C3002C357 /* Pods_tuwaiq_1000.framework */; };
		5E33D36A27538B8D007EC44C /* ManagerVC.swift in Sources */ = {isa = PBXBuildFile; fileRef = 5E33D36927538B8D007EC44C /* ManagerVC.swift */; };
		5E33D36C27538BB6007EC44C /* ManagerCell.swift in Sources */ = {isa = PBXBuildFile; fileRef = 5E33D36B27538BB6007EC44C /* ManagerCell.swift */; };
		5E33D36E27538BE6007EC44C /* NewProdectVC.swift in Sources */ = {isa = PBXBuildFile; fileRef = 5E33D36D27538BE6007EC44C /* NewProdectVC.swift */; };
		5E33D37027538C19007EC44C /* UpdateVC.swift in Sources */ = {isa = PBXBuildFile; fileRef = 5E33D36F27538C19007EC44C /* UpdateVC.swift */; };
		5E33D37227538C3F007EC44C /* DetelisVC.swift in Sources */ = {isa = PBXBuildFile; fileRef = 5E33D37127538C3F007EC44C /* DetelisVC.swift */; };
		5E33D37427538C83007EC44C /* PurchaseVC.swift in Sources */ = {isa = PBXBuildFile; fileRef = 5E33D37327538C83007EC44C /* PurchaseVC.swift */; };
		5E33D37627538CA9007EC44C /* PrucheasCell.swift in Sources */ = {isa = PBXBuildFile; fileRef = 5E33D37527538CA9007EC44C /* PrucheasCell.swift */; };
		5E33D37827538D50007EC44C /* Manager.storyboard in Resources */ = {isa = PBXBuildFile; fileRef = 5E33D37727538D50007EC44C /* Manager.storyboard */; };
		5E33D37D27538E1C007EC44C /* RecCollectionVC.swift in Sources */ = {isa = PBXBuildFile; fileRef = 5E33D37C27538E1C007EC44C /* RecCollectionVC.swift */; };
		5E33D37F27538E47007EC44C /* RecCell.swift in Sources */ = {isa = PBXBuildFile; fileRef = 5E33D37E27538E47007EC44C /* RecCell.swift */; };
		5E33D38227538ED7007EC44C /* ReceipVC.swift in Sources */ = {isa = PBXBuildFile; fileRef = 5E33D38127538ED7007EC44C /* ReceipVC.swift */; };
		5E33D38427538EFD007EC44C /* ReceiptCell.swift in Sources */ = {isa = PBXBuildFile; fileRef = 5E33D38327538EFD007EC44C /* ReceiptCell.swift */; };
		5E33D38B2753909B007EC44C /* AddressVC.swift in Sources */ = {isa = PBXBuildFile; fileRef = 5E33D38A2753909B007EC44C /* AddressVC.swift */; };
		5E33D38D275390CC007EC44C /* CartTableVC.swift in Sources */ = {isa = PBXBuildFile; fileRef = 5E33D38C275390CC007EC44C /* CartTableVC.swift */; };
		5E33D38F2753910B007EC44C /* CartTableCell.swift in Sources */ = {isa = PBXBuildFile; fileRef = 5E33D38E2753910B007EC44C /* CartTableCell.swift */; };
		5E33D39127539125007EC44C /* Data.swift in Sources */ = {isa = PBXBuildFile; fileRef = 5E33D39027539125007EC44C /* Data.swift */; };
		5E33D393275391A5007EC44C /* Productlnfo.swift in Sources */ = {isa = PBXBuildFile; fileRef = 5E33D392275391A5007EC44C /* Productlnfo.swift */; };
		5E33D3952753938F007EC44C /* DetailsCell.swift in Sources */ = {isa = PBXBuildFile; fileRef = 5E33D3942753938F007EC44C /* DetailsCell.swift */; };
		5E33D397275397AB007EC44C /* Main.storyboard in Resources */ = {isa = PBXBuildFile; fileRef = 5E33D396275397AB007EC44C /* Main.storyboard */; };
		5E33D399275397C4007EC44C /* customer.storyboard in Resources */ = {isa = PBXBuildFile; fileRef = 5E33D398275397C4007EC44C /* customer.storyboard */; };
		5E33D39B275399E1007EC44C /* Launch Screen.storyboard in Resources */ = {isa = PBXBuildFile; fileRef = 5E33D39A275399E1007EC44C /* Launch Screen.storyboard */; };
		E633B941274E0F670046ED89 /* SideMenuVC.swift in Sources */ = {isa = PBXBuildFile; fileRef = E633B940274E0F670046ED89 /* SideMenuVC.swift */; };
		E634873D274DAFCD00559B91 /* AppDelegate.swift in Sources */ = {isa = PBXBuildFile; fileRef = E634873C274DAFCD00559B91 /* AppDelegate.swift */; };
		E634873F274DAFCD00559B91 /* SceneDelegate.swift in Sources */ = {isa = PBXBuildFile; fileRef = E634873E274DAFCD00559B91 /* SceneDelegate.swift */; };
		E6348741274DAFCD00559B91 /* ViewController.swift in Sources */ = {isa = PBXBuildFile; fileRef = E6348740274DAFCD00559B91 /* ViewController.swift */; };
		E6348751274DB06B00559B91 /* GoogleService-Info.plist in Resources */ = {isa = PBXBuildFile; fileRef = E6348750274DB06B00559B91 /* GoogleService-Info.plist */; };
/* End PBXBuildFile section */

/* Begin PBXFileReference section */
		2A478376C334709A4E1DD343 /* Pods-tuwaiq 1000.release.xcconfig */ = {isa = PBXFileReference; includeInIndex = 1; lastKnownFileType = text.xcconfig; name = "Pods-tuwaiq 1000.release.xcconfig"; path = "Target Support Files/Pods-tuwaiq 1000/Pods-tuwaiq 1000.release.xcconfig"; sourceTree = "<group>"; };
		5E33D36927538B8D007EC44C /* ManagerVC.swift */ = {isa = PBXFileReference; lastKnownFileType = sourcecode.swift; path = ManagerVC.swift; sourceTree = "<group>"; };
		5E33D36B27538BB6007EC44C /* ManagerCell.swift */ = {isa = PBXFileReference; lastKnownFileType = sourcecode.swift; path = ManagerCell.swift; sourceTree = "<group>"; };
		5E33D36D27538BE6007EC44C /* NewProdectVC.swift */ = {isa = PBXFileReference; lastKnownFileType = sourcecode.swift; path = NewProdectVC.swift; sourceTree = "<group>"; };
		5E33D36F27538C19007EC44C /* UpdateVC.swift */ = {isa = PBXFileReference; lastKnownFileType = sourcecode.swift; path = UpdateVC.swift; sourceTree = "<group>"; };
		5E33D37127538C3F007EC44C /* DetelisVC.swift */ = {isa = PBXFileReference; lastKnownFileType = sourcecode.swift; path = DetelisVC.swift; sourceTree = "<group>"; };
		5E33D37327538C83007EC44C /* PurchaseVC.swift */ = {isa = PBXFileReference; lastKnownFileType = sourcecode.swift; path = PurchaseVC.swift; sourceTree = "<group>"; };
		5E33D37527538CA9007EC44C /* PrucheasCell.swift */ = {isa = PBXFileReference; lastKnownFileType = sourcecode.swift; path = PrucheasCell.swift; sourceTree = "<group>"; };
		5E33D37727538D50007EC44C /* Manager.storyboard */ = {isa = PBXFileReference; lastKnownFileType = file.storyboard; path = Manager.storyboard; sourceTree = "<group>"; };
		5E33D37C27538E1C007EC44C /* RecCollectionVC.swift */ = {isa = PBXFileReference; lastKnownFileType = sourcecode.swift; path = RecCollectionVC.swift; sourceTree = "<group>"; };
		5E33D37E27538E47007EC44C /* RecCell.swift */ = {isa = PBXFileReference; lastKnownFileType = sourcecode.swift; path = RecCell.swift; sourceTree = "<group>"; };
		5E33D38127538ED7007EC44C /* ReceipVC.swift */ = {isa = PBXFileReference; lastKnownFileType = sourcecode.swift; path = ReceipVC.swift; sourceTree = "<group>"; };
		5E33D38327538EFD007EC44C /* ReceiptCell.swift */ = {isa = PBXFileReference; lastKnownFileType = sourcecode.swift; path = ReceiptCell.swift; sourceTree = "<group>"; };
		5E33D38A2753909B007EC44C /* AddressVC.swift */ = {isa = PBXFileReference; lastKnownFileType = sourcecode.swift; path = AddressVC.swift; sourceTree = "<group>"; };
		5E33D38C275390CC007EC44C /* CartTableVC.swift */ = {isa = PBXFileReference; lastKnownFileType = sourcecode.swift; path = CartTableVC.swift; sourceTree = "<group>"; };
		5E33D38E2753910B007EC44C /* CartTableCell.swift */ = {isa = PBXFileReference; lastKnownFileType = sourcecode.swift; path = CartTableCell.swift; sourceTree = "<group>"; };
		5E33D39027539125007EC44C /* Data.swift */ = {isa = PBXFileReference; lastKnownFileType = sourcecode.swift; path = Data.swift; sourceTree = "<group>"; };
		5E33D392275391A5007EC44C /* Productlnfo.swift */ = {isa = PBXFileReference; lastKnownFileType = sourcecode.swift; path = Productlnfo.swift; sourceTree = "<group>"; };
		5E33D3942753938F007EC44C /* DetailsCell.swift */ = {isa = PBXFileReference; lastKnownFileType = sourcecode.swift; path = DetailsCell.swift; sourceTree = "<group>"; };
		5E33D396275397AB007EC44C /* Main.storyboard */ = {isa = PBXFileReference; lastKnownFileType = file.storyboard; path = Main.storyboard; sourceTree = "<group>"; };
		5E33D398275397C4007EC44C /* customer.storyboard */ = {isa = PBXFileReference; lastKnownFileType = file.storyboard; path = customer.storyboard; sourceTree = "<group>"; };
		5E33D39A275399E1007EC44C /* Launch Screen.storyboard */ = {isa = PBXFileReference; lastKnownFileType = file.storyboard; path = "Launch Screen.storyboard"; sourceTree = "<group>"; };
		6EACC00631425B1C3002C357 /* Pods_tuwaiq_1000.framework */ = {isa = PBXFileReference; explicitFileType = wrapper.framework; includeInIndex = 0; path = Pods_tuwaiq_1000.framework; sourceTree = BUILT_PRODUCTS_DIR; };
		7D055DC38DDE235AF6F952A1 /* Pods-tuwaiq 1000.debug.xcconfig */ = {isa = PBXFileReference; includeInIndex = 1; lastKnownFileType = text.xcconfig; name = "Pods-tuwaiq 1000.debug.xcconfig"; path = "Target Support Files/Pods-tuwaiq 1000/Pods-tuwaiq 1000.debug.xcconfig"; sourceTree = "<group>"; };
		E633B940274E0F670046ED89 /* SideMenuVC.swift */ = {isa = PBXFileReference; lastKnownFileType = sourcecode.swift; path = SideMenuVC.swift; sourceTree = "<group>"; };
		E6348739274DAFCD00559B91 /* tuwaiq 1000.app */ = {isa = PBXFileReference; explicitFileType = wrapper.application; includeInIndex = 0; path = "tuwaiq 1000.app"; sourceTree = BUILT_PRODUCTS_DIR; };
		E634873C274DAFCD00559B91 /* AppDelegate.swift */ = {isa = PBXFileReference; lastKnownFileType = sourcecode.swift; path = AppDelegate.swift; sourceTree = "<group>"; };
		E634873E274DAFCD00559B91 /* SceneDelegate.swift */ = {isa = PBXFileReference; lastKnownFileType = sourcecode.swift; path = SceneDelegate.swift; sourceTree = "<group>"; };
		E6348740274DAFCD00559B91 /* ViewController.swift */ = {isa = PBXFileReference; lastKnownFileType = sourcecode.swift; path = ViewController.swift; sourceTree = "<group>"; };
		E634874A274DAFD700559B91 /* Info.plist */ = {isa = PBXFileReference; lastKnownFileType = text.plist.xml; path = Info.plist; sourceTree = "<group>"; };
		E6348750274DB06B00559B91 /* GoogleService-Info.plist */ = {isa = PBXFileReference; fileEncoding = 4; lastKnownFileType = text.plist.xml; path = "GoogleService-Info.plist"; sourceTree = "<group>"; };
/* End PBXFileReference section */

/* Begin PBXFrameworksBuildPhase section */
		E6348736274DAFCD00559B91 /* Frameworks */ = {
			isa = PBXFrameworksBuildPhase;
			buildActionMask = 2147483647;
			files = (
				36610F2347624DBA2CA35835 /* Pods_tuwaiq_1000.framework in Frameworks */,
			);
			runOnlyForDeploymentPostprocessing = 0;
		};
/* End PBXFrameworksBuildPhase section */

/* Begin PBXGroup section */
		5B7D21CAC4DC1DA16501E3B2 /* Pods */ = {
			isa = PBXGroup;
			children = (
				7D055DC38DDE235AF6F952A1 /* Pods-tuwaiq 1000.debug.xcconfig */,
				2A478376C334709A4E1DD343 /* Pods-tuwaiq 1000.release.xcconfig */,
			);
			path = Pods;
			sourceTree = "<group>";
		};
		5E33D37927538D5E007EC44C /* custmer */ = {
			isa = PBXGroup;
			children = (
				5E33D37A27538D70007EC44C /* Controller */,
			);
			path = custmer;
			sourceTree = "<group>";
		};
		5E33D37A27538D70007EC44C /* Controller */ = {
			isa = PBXGroup;
			children = (
				5E33D37B27538D82007EC44C /* Recommendation */,
			);
			path = Controller;
			sourceTree = "<group>";
		};
		5E33D37B27538D82007EC44C /* Recommendation */ = {
			isa = PBXGroup;
			children = (
				5E33D37C27538E1C007EC44C /* RecCollectionVC.swift */,
				5E33D37E27538E47007EC44C /* RecCell.swift */,
			);
			path = Recommendation;
			sourceTree = "<group>";
		};
		5E33D38027538E4E007EC44C /* Receipt */ = {
			isa = PBXGroup;
			children = (
				5E33D38327538EFD007EC44C /* ReceiptCell.swift */,
				5E33D38127538ED7007EC44C /* ReceipVC.swift */,
			);
			path = Receipt;
			sourceTree = "<group>";
		};
		5E33D38527538F1A007EC44C /* Address */ = {
			isa = PBXGroup;
			children = (
				5E33D38A2753909B007EC44C /* AddressVC.swift */,
			);
			path = Address;
			sourceTree = "<group>";
		};
		5E33D38627538F37007EC44C /* Cart Table */ = {
			isa = PBXGroup;
			children = (
				5E33D38C275390CC007EC44C /* CartTableVC.swift */,
				5E33D38E2753910B007EC44C /* CartTableCell.swift */,
			);
			path = "Cart Table";
			sourceTree = "<group>";
		};
		5E33D38727538F8B007EC44C /* Products Collection */ = {
			isa = PBXGroup;
			children = (
				5E33D392275391A5007EC44C /* Productlnfo.swift */,
			);
			path = "Products Collection";
			sourceTree = "<group>";
		};
		5E33D38827538FB9007EC44C /* View */ = {
			isa = PBXGroup;
			children = (
				E634873E274DAFCD00559B91 /* SceneDelegate.swift */,
				E634873C274DAFCD00559B91 /* AppDelegate.swift */,
			);
			path = View;
			sourceTree = "<group>";
		};
		5E33D38927538FF1007EC44C /* Model */ = {
			isa = PBXGroup;
			children = (
				5E33D39027539125007EC44C /* Data.swift */,
			);
			path = Model;
			sourceTree = "<group>";
		};
		5EAC4FAED6748A23AC4380A9 /* Frameworks */ = {
			isa = PBXGroup;
			children = (
				6EACC00631425B1C3002C357 /* Pods_tuwaiq_1000.framework */,
			);
			name = Frameworks;
			sourceTree = "<group>";
		};
		E633B93F274E0EED0046ED89 /* Controller */ = {
			isa = PBXGroup;
			children = (
				E633B940274E0F670046ED89 /* SideMenuVC.swift */,
				E6348740274DAFCD00559B91 /* ViewController.swift */,
				5E33D36927538B8D007EC44C /* ManagerVC.swift */,
				5E33D36D27538BE6007EC44C /* NewProdectVC.swift */,
				5E33D36B27538BB6007EC44C /* ManagerCell.swift */,
				5E33D37327538C83007EC44C /* PurchaseVC.swift */,
				5E33D37527538CA9007EC44C /* PrucheasCell.swift */,
				5E33D37127538C3F007EC44C /* DetelisVC.swift */,
				5E33D39A275399E1007EC44C /* Launch Screen.storyboard */,
				5E33D3942753938F007EC44C /* DetailsCell.swift */,
				5E33D37727538D50007EC44C /* Manager.storyboard */,
				5E33D36F27538C19007EC44C /* UpdateVC.swift */,
				5E33D37927538D5E007EC44C /* custmer */,
			);
			path = Controller;
			sourceTree = "<group>";
		};
		E6348730274DAFCC00559B91 = {
			isa = PBXGroup;
			children = (
				E6348750274DB06B00559B91 /* GoogleService-Info.plist */,
				E634873B274DAFCD00559B91 /* tuwaiq 1000 */,
				E634873A274DAFCD00559B91 /* Products */,
				5B7D21CAC4DC1DA16501E3B2 /* Pods */,
				5EAC4FAED6748A23AC4380A9 /* Frameworks */,
			);
			sourceTree = "<group>";
		};
		E634873A274DAFCD00559B91 /* Products */ = {
			isa = PBXGroup;
			children = (
				E6348739274DAFCD00559B91 /* tuwaiq 1000.app */,
			);
			name = Products;
			sourceTree = "<group>";
		};
		E634873B274DAFCD00559B91 /* tuwaiq 1000 */ = {
			isa = PBXGroup;
			children = (
				E633B93F274E0EED0046ED89 /* Controller */,
				E634874A274DAFD700559B91 /* Info.plist */,
				5E33D38927538FF1007EC44C /* Model */,
				5E33D38827538FB9007EC44C /* View */,
				5E33D38727538F8B007EC44C /* Products Collection */,
				5E33D38627538F37007EC44C /* Cart Table */,
				5E33D38527538F1A007EC44C /* Address */,
				5E33D38027538E4E007EC44C /* Receipt */,
				5E33D396275397AB007EC44C /* Main.storyboard */,
				5E33D398275397C4007EC44C /* customer.storyboard */,
			);
			path = "tuwaiq 1000";
			sourceTree = "<group>";
		};
/* End PBXGroup section */

/* Begin PBXNativeTarget section */
		E6348738274DAFCD00559B91 /* tuwaiq 1000 */ = {
			isa = PBXNativeTarget;
			buildConfigurationList = E634874D274DAFD700559B91 /* Build configuration list for PBXNativeTarget "tuwaiq 1000" */;
			buildPhases = (
				1250769B72B3ED71AEBACFE1 /* [CP] Check Pods Manifest.lock */,
				E6348735274DAFCD00559B91 /* Sources */,
				E6348736274DAFCD00559B91 /* Frameworks */,
				E6348737274DAFCD00559B91 /* Resources */,
				3720B10DEA03A2AC44528C9E /* [CP] Embed Pods Frameworks */,
			);
			buildRules = (
			);
			dependencies = (
			);
			name = "tuwaiq 1000";
			productName = "tuwaiq 1000";
			productReference = E6348739274DAFCD00559B91 /* tuwaiq 1000.app */;
			productType = "com.apple.product-type.application";
		};
/* End PBXNativeTarget section */

/* Begin PBXProject section */
		E6348731274DAFCC00559B91 /* Project object */ = {
			isa = PBXProject;
			attributes = {
				BuildIndependentTargetsInParallel = 1;
				LastSwiftUpdateCheck = 1300;
				LastUpgradeCheck = 1300;
				TargetAttributes = {
					E6348738274DAFCD00559B91 = {
						CreatedOnToolsVersion = 13.0;
					};
				};
			};
			buildConfigurationList = E6348734274DAFCC00559B91 /* Build configuration list for PBXProject "tuwaiq 1000" */;
			compatibilityVersion = "Xcode 13.0";
			developmentRegion = en;
			hasScannedForEncodings = 0;
			knownRegions = (
				en,
				Base,
			);
			mainGroup = E6348730274DAFCC00559B91;
			productRefGroup = E634873A274DAFCD00559B91 /* Products */;
			projectDirPath = "";
			projectRoot = "";
			targets = (
				E6348738274DAFCD00559B91 /* tuwaiq 1000 */,
			);
		};
/* End PBXProject section */

/* Begin PBXResourcesBuildPhase section */
		E6348737274DAFCD00559B91 /* Resources */ = {
			isa = PBXResourcesBuildPhase;
			buildActionMask = 2147483647;
			files = (
				5E33D399275397C4007EC44C /* customer.storyboard in Resources */,
				5E33D397275397AB007EC44C /* Main.storyboard in Resources */,
				5E33D37827538D50007EC44C /* Manager.storyboard in Resources */,
				5E33D39B275399E1007EC44C /* Launch Screen.storyboard in Resources */,
				E6348751274DB06B00559B91 /* GoogleService-Info.plist in Resources */,
			);
			runOnlyForDeploymentPostprocessing = 0;
		};
/* End PBXResourcesBuildPhase section */

/* Begin PBXShellScriptBuildPhase section */
		1250769B72B3ED71AEBACFE1 /* [CP] Check Pods Manifest.lock */ = {
			isa = PBXShellScriptBuildPhase;
			buildActionMask = 2147483647;
			files = (
			);
			inputFileListPaths = (
			);
			inputPaths = (
				"${PODS_PODFILE_DIR_PATH}/Podfile.lock",
				"${PODS_ROOT}/Manifest.lock",
			);
			name = "[CP] Check Pods Manifest.lock";
			outputFileListPaths = (
			);
			outputPaths = (
				"$(DERIVED_FILE_DIR)/Pods-tuwaiq 1000-checkManifestLockResult.txt",
			);
			runOnlyForDeploymentPostprocessing = 0;
			shellPath = /bin/sh;
			shellScript = "diff \"${PODS_PODFILE_DIR_PATH}/Podfile.lock\" \"${PODS_ROOT}/Manifest.lock\" > /dev/null\nif [ $? != 0 ] ; then\n    # print error to STDERR\n    echo \"error: The sandbox is not in sync with the Podfile.lock. Run 'pod install' or update your CocoaPods installation.\" >&2\n    exit 1\nfi\n# This output is used by Xcode 'outputs' to avoid re-running this script phase.\necho \"SUCCESS\" > \"${SCRIPT_OUTPUT_FILE_0}\"\n";
			showEnvVarsInLog = 0;
		};
		3720B10DEA03A2AC44528C9E /* [CP] Embed Pods Frameworks */ = {
			isa = PBXShellScriptBuildPhase;
			buildActionMask = 2147483647;
			files = (
			);
			inputFileListPaths = (
				"${PODS_ROOT}/Target Support Files/Pods-tuwaiq 1000/Pods-tuwaiq 1000-frameworks-${CONFIGURATION}-input-files.xcfilelist",
			);
			name = "[CP] Embed Pods Frameworks";
			outputFileListPaths = (
				"${PODS_ROOT}/Target Support Files/Pods-tuwaiq 1000/Pods-tuwaiq 1000-frameworks-${CONFIGURATION}-output-files.xcfilelist",
			);
			runOnlyForDeploymentPostprocessing = 0;
			shellPath = /bin/sh;
			shellScript = "\"${PODS_ROOT}/Target Support Files/Pods-tuwaiq 1000/Pods-tuwaiq 1000-frameworks.sh\"\n";
			showEnvVarsInLog = 0;
		};
/* End PBXShellScriptBuildPhase section */

/* Begin PBXSourcesBuildPhase section */
		E6348735274DAFCD00559B91 /* Sources */ = {
			isa = PBXSourcesBuildPhase;
			buildActionMask = 2147483647;
			files = (
				5E33D3952753938F007EC44C /* DetailsCell.swift in Sources */,
				5E33D38227538ED7007EC44C /* ReceipVC.swift in Sources */,
				E6348741274DAFCD00559B91 /* ViewController.swift in Sources */,
				5E33D38F2753910B007EC44C /* CartTableCell.swift in Sources */,
				5E33D36E27538BE6007EC44C /* NewProdectVC.swift in Sources */,
				5E33D393275391A5007EC44C /* Productlnfo.swift in Sources */,
				5E33D38D275390CC007EC44C /* CartTableVC.swift in Sources */,
				E634873D274DAFCD00559B91 /* AppDelegate.swift in Sources */,
				E633B941274E0F670046ED89 /* SideMenuVC.swift in Sources */,
				5E33D37227538C3F007EC44C /* DetelisVC.swift in Sources */,
				5E33D37427538C83007EC44C /* PurchaseVC.swift in Sources */,
				5E33D37F27538E47007EC44C /* RecCell.swift in Sources */,
				5E33D36C27538BB6007EC44C /* ManagerCell.swift in Sources */,
				5E33D38B2753909B007EC44C /* AddressVC.swift in Sources */,
				5E33D37027538C19007EC44C /* UpdateVC.swift in Sources */,
				5E33D36A27538B8D007EC44C /* ManagerVC.swift in Sources */,
				E634873F274DAFCD00559B91 /* SceneDelegate.swift in Sources */,
				5E33D37627538CA9007EC44C /* PrucheasCell.swift in Sources */,
				5E33D39127539125007EC44C /* Data.swift in Sources */,
				5E33D37D27538E1C007EC44C /* RecCollectionVC.swift in Sources */,
				5E33D38427538EFD007EC44C /* ReceiptCell.swift in Sources */,
			);
			runOnlyForDeploymentPostprocessing = 0;
		};
/* End PBXSourcesBuildPhase section */

/* Begin XCBuildConfiguration section */
		E634874B274DAFD700559B91 /* Debug */ = {
			isa = XCBuildConfiguration;
			buildSettings = {
				ALWAYS_SEARCH_USER_PATHS = NO;
				CLANG_ANALYZER_NONNULL = YES;
				CLANG_ANALYZER_NUMBER_OBJECT_CONVERSION = YES_AGGRESSIVE;
				CLANG_CXX_LANGUAGE_STANDARD = "gnu++17";
				CLANG_CXX_LIBRARY = "libc++";
				CLANG_ENABLE_MODULES = YES;
				CLANG_ENABLE_OBJC_ARC = YES;
				CLANG_ENABLE_OBJC_WEAK = YES;
				CLANG_WARN_BLOCK_CAPTURE_AUTORELEASING = YES;
				CLANG_WARN_BOOL_CONVERSION = YES;
				CLANG_WARN_COMMA = YES;
				CLANG_WARN_CONSTANT_CONVERSION = YES;
				CLANG_WARN_DEPRECATED_OBJC_IMPLEMENTATIONS = YES;
				CLANG_WARN_DIRECT_OBJC_ISA_USAGE = YES_ERROR;
				CLANG_WARN_DOCUMENTATION_COMMENTS = YES;
				CLANG_WARN_EMPTY_BODY = YES;
				CLANG_WARN_ENUM_CONVERSION = YES;
				CLANG_WARN_INFINITE_RECURSION = YES;
				CLANG_WARN_INT_CONVERSION = YES;
				CLANG_WARN_NON_LITERAL_NULL_CONVERSION = YES;
				CLANG_WARN_OBJC_IMPLICIT_RETAIN_SELF = YES;
				CLANG_WARN_OBJC_LITERAL_CONVERSION = YES;
				CLANG_WARN_OBJC_ROOT_CLASS = YES_ERROR;
				CLANG_WARN_QUOTED_INCLUDE_IN_FRAMEWORK_HEADER = YES;
				CLANG_WARN_RANGE_LOOP_ANALYSIS = YES;
				CLANG_WARN_STRICT_PROTOTYPES = YES;
				CLANG_WARN_SUSPICIOUS_MOVE = YES;
				CLANG_WARN_UNGUARDED_AVAILABILITY = YES_AGGRESSIVE;
				CLANG_WARN_UNREACHABLE_CODE = YES;
				CLANG_WARN__DUPLICATE_METHOD_MATCH = YES;
				COPY_PHASE_STRIP = NO;
				DEBUG_INFORMATION_FORMAT = dwarf;
				ENABLE_STRICT_OBJC_MSGSEND = YES;
				ENABLE_TESTABILITY = YES;
				GCC_C_LANGUAGE_STANDARD = gnu11;
				GCC_DYNAMIC_NO_PIC = NO;
				GCC_NO_COMMON_BLOCKS = YES;
				GCC_OPTIMIZATION_LEVEL = 0;
				GCC_PREPROCESSOR_DEFINITIONS = (
					"DEBUG=1",
					"$(inherited)",
				);
				GCC_WARN_64_TO_32_BIT_CONVERSION = YES;
				GCC_WARN_ABOUT_RETURN_TYPE = YES_ERROR;
				GCC_WARN_UNDECLARED_SELECTOR = YES;
				GCC_WARN_UNINITIALIZED_AUTOS = YES_AGGRESSIVE;
				GCC_WARN_UNUSED_FUNCTION = YES;
				GCC_WARN_UNUSED_VARIABLE = YES;
				IPHONEOS_DEPLOYMENT_TARGET = 15.0;
				MTL_ENABLE_DEBUG_INFO = INCLUDE_SOURCE;
				MTL_FAST_MATH = YES;
				ONLY_ACTIVE_ARCH = YES;
				SDKROOT = iphoneos;
				SWIFT_ACTIVE_COMPILATION_CONDITIONS = DEBUG;
				SWIFT_OPTIMIZATION_LEVEL = "-Onone";
			};
			name = Debug;
		};
		E634874C274DAFD700559B91 /* Release */ = {
			isa = XCBuildConfiguration;
			buildSettings = {
				ALWAYS_SEARCH_USER_PATHS = NO;
				CLANG_ANALYZER_NONNULL = YES;
				CLANG_ANALYZER_NUMBER_OBJECT_CONVERSION = YES_AGGRESSIVE;
				CLANG_CXX_LANGUAGE_STANDARD = "gnu++17";
				CLANG_CXX_LIBRARY = "libc++";
				CLANG_ENABLE_MODULES = YES;
				CLANG_ENABLE_OBJC_ARC = YES;
				CLANG_ENABLE_OBJC_WEAK = YES;
				CLANG_WARN_BLOCK_CAPTURE_AUTORELEASING = YES;
				CLANG_WARN_BOOL_CONVERSION = YES;
				CLANG_WARN_COMMA = YES;
				CLANG_WARN_CONSTANT_CONVERSION = YES;
				CLANG_WARN_DEPRECATED_OBJC_IMPLEMENTATIONS = YES;
				CLANG_WARN_DIRECT_OBJC_ISA_USAGE = YES_ERROR;
				CLANG_WARN_DOCUMENTATION_COMMENTS = YES;
				CLANG_WARN_EMPTY_BODY = YES;
				CLANG_WARN_ENUM_CONVERSION = YES;
				CLANG_WARN_INFINITE_RECURSION = YES;
				CLANG_WARN_INT_CONVERSION = YES;
				CLANG_WARN_NON_LITERAL_NULL_CONVERSION = YES;
				CLANG_WARN_OBJC_IMPLICIT_RETAIN_SELF = YES;
				CLANG_WARN_OBJC_LITERAL_CONVERSION = YES;
				CLANG_WARN_OBJC_ROOT_CLASS = YES_ERROR;
				CLANG_WARN_QUOTED_INCLUDE_IN_FRAMEWORK_HEADER = YES;
				CLANG_WARN_RANGE_LOOP_ANALYSIS = YES;
				CLANG_WARN_STRICT_PROTOTYPES = YES;
				CLANG_WARN_SUSPICIOUS_MOVE = YES;
				CLANG_WARN_UNGUARDED_AVAILABILITY = YES_AGGRESSIVE;
				CLANG_WARN_UNREACHABLE_CODE = YES;
				CLANG_WARN__DUPLICATE_METHOD_MATCH = YES;
				COPY_PHASE_STRIP = NO;
				DEBUG_INFORMATION_FORMAT = "dwarf-with-dsym";
				ENABLE_NS_ASSERTIONS = NO;
				ENABLE_STRICT_OBJC_MSGSEND = YES;
				GCC_C_LANGUAGE_STANDARD = gnu11;
				GCC_NO_COMMON_BLOCKS = YES;
				GCC_WARN_64_TO_32_BIT_CONVERSION = YES;
				GCC_WARN_ABOUT_RETURN_TYPE = YES_ERROR;
				GCC_WARN_UNDECLARED_SELECTOR = YES;
				GCC_WARN_UNINITIALIZED_AUTOS = YES_AGGRESSIVE;
				GCC_WARN_UNUSED_FUNCTION = YES;
				GCC_WARN_UNUSED_VARIABLE = YES;
				IPHONEOS_DEPLOYMENT_TARGET = 15.0;
				MTL_ENABLE_DEBUG_INFO = NO;
				MTL_FAST_MATH = YES;
				SDKROOT = iphoneos;
				SWIFT_COMPILATION_MODE = wholemodule;
				SWIFT_OPTIMIZATION_LEVEL = "-O";
				VALIDATE_PRODUCT = YES;
			};
			name = Release;
		};
		E634874E274DAFD700559B91 /* Debug */ = {
			isa = XCBuildConfiguration;
			baseConfigurationReference = 7D055DC38DDE235AF6F952A1 /* Pods-tuwaiq 1000.debug.xcconfig */;
			buildSettings = {
				ASSETCATALOG_COMPILER_GLOBAL_ACCENT_COLOR_NAME = AccentColor;
				CODE_SIGN_STYLE = Automatic;
				CURRENT_PROJECT_VERSION = 1;
				DEVELOPMENT_TEAM = VY425D726T;
				GENERATE_INFOPLIST_FILE = YES;
				INFOPLIST_FILE = "tuwaiq 1000/Info.plist";
				INFOPLIST_KEY_NSMainNibFile = Main;
				INFOPLIST_KEY_UIApplicationSupportsIndirectInputEvents = YES;
				INFOPLIST_KEY_UILaunchStoryboardName = LaunchScreen;
				INFOPLIST_KEY_UISupportedInterfaceOrientations_iPad = "UIInterfaceOrientationPortrait UIInterfaceOrientationPortraitUpsideDown UIInterfaceOrientationLandscapeLeft UIInterfaceOrientationLandscapeRight";
				INFOPLIST_KEY_UISupportedInterfaceOrientations_iPhone = "UIInterfaceOrientationPortrait UIInterfaceOrientationLandscapeLeft UIInterfaceOrientationLandscapeRight";
				LD_RUNPATH_SEARCH_PATHS = (
					"$(inherited)",
					"@executable_path/Frameworks",
				);
				MARKETING_VERSION = 1.0;
				PRODUCT_BUNDLE_IDENTIFIER = "Mohammedali111-tuwaiq1000-App";
				PRODUCT_NAME = "$(TARGET_NAME)";
				SWIFT_EMIT_LOC_STRINGS = YES;
				SWIFT_VERSION = 5.0;
				TARGETED_DEVICE_FAMILY = "1,2";
			};
			name = Debug;
		};
		E634874F274DAFD700559B91 /* Release */ = {
			isa = XCBuildConfiguration;
			baseConfigurationReference = 2A478376C334709A4E1DD343 /* Pods-tuwaiq 1000.release.xcconfig */;
			buildSettings = {
				ASSETCATALOG_COMPILER_GLOBAL_ACCENT_COLOR_NAME = AccentColor;
				CODE_SIGN_STYLE = Automatic;
				CURRENT_PROJECT_VERSION = 1;
				DEVELOPMENT_TEAM = VY425D726T;
				GENERATE_INFOPLIST_FILE = YES;
				INFOPLIST_FILE = "tuwaiq 1000/Info.plist";
				INFOPLIST_KEY_NSMainNibFile = Main;
				INFOPLIST_KEY_UIApplicationSupportsIndirectInputEvents = YES;
				INFOPLIST_KEY_UILaunchStoryboardName = LaunchScreen;
				INFOPLIST_KEY_UISupportedInterfaceOrientations_iPad = "UIInterfaceOrientationPortrait UIInterfaceOrientationPortraitUpsideDown UIInterfaceOrientationLandscapeLeft UIInterfaceOrientationLandscapeRight";
				INFOPLIST_KEY_UISupportedInterfaceOrientations_iPhone = "UIInterfaceOrientationPortrait UIInterfaceOrientationLandscapeLeft UIInterfaceOrientationLandscapeRight";
				LD_RUNPATH_SEARCH_PATHS = (
					"$(inherited)",
					"@executable_path/Frameworks",
				);
				MARKETING_VERSION = 1.0;
				PRODUCT_BUNDLE_IDENTIFIER = "Mohammedali111-tuwaiq1000-App";
				PRODUCT_NAME = "$(TARGET_NAME)";
				SWIFT_EMIT_LOC_STRINGS = YES;
				SWIFT_VERSION = 5.0;
				TARGETED_DEVICE_FAMILY = "1,2";
			};
			name = Release;
		};
/* End XCBuildConfiguration section */

/* Begin XCConfigurationList section */
		E6348734274DAFCC00559B91 /* Build configuration list for PBXProject "tuwaiq 1000" */ = {
			isa = XCConfigurationList;
			buildConfigurations = (
				E634874B274DAFD700559B91 /* Debug */,
				E634874C274DAFD700559B91 /* Release */,
			);
			defaultConfigurationIsVisible = 0;
			defaultConfigurationName = Release;
		};
		E634874D274DAFD700559B91 /* Build configuration list for PBXNativeTarget "tuwaiq 1000" */ = {
			isa = XCConfigurationList;
			buildConfigurations = (
				E634874E274DAFD700559B91 /* Debug */,
				E634874F274DAFD700559B91 /* Release */,
			);
			defaultConfigurationIsVisible = 0;
			defaultConfigurationName = Release;
		};
/* End XCConfigurationList section */
	};
	rootObject = E6348731274DAFCC00559B91 /* Project object */;
}
